
Microsoft Visual Studio Solution File, Format Version 12.00
# Visual Studio Version 16
VisualStudioVersion = 16.0.28803.352
MinimumVisualStudioVersion = 10.0.40219.1
Project("{9A19103F-16F7-4668-BE54-9A1E7A4F7556}") = "01. Two Sum", "01. Two Sum\01. Two Sum.csproj", "{91DABEAC-76B8-4A1E-86BD-D4EB2FC0A708}"
EndProject
Project("{9A19103F-16F7-4668-BE54-9A1E7A4F7556}") = "02. Add Two Numbers", "02. Add Two Numbers\02. Add Two Numbers.csproj", "{CA6100D7-C0B5-466E-AA4A-ACFAABA1ECA7}"
EndProject
Project("{9A19103F-16F7-4668-BE54-9A1E7A4F7556}") = "Common", "Common\Common.csproj", "{37807C9F-7858-4BA2-812D-661293824A21}"
EndProject
Project("{9A19103F-16F7-4668-BE54-9A1E7A4F7556}") = "03. Longest Substring Without Repeating Characters", "03. Longest Substring Without Repeating Characters\03. Longest Substring Without Repeating Characters.csproj", "{31078BE1-2640-48A2-8BA4-728CC83D1BF3}"
EndProject
Project("{9A19103F-16F7-4668-BE54-9A1E7A4F7556}") = "05. Longest Palindromic Substring", "05. Longest Palindromic Substring\05. Longest Palindromic Substring.csproj", "{24BEE0E9-0D54-470E-8003-53978C332DD7}"
EndProject
Project("{9A19103F-16F7-4668-BE54-9A1E7A4F7556}") = "06. ZigZag Conversion", "06. ZigZag Conversion\06. ZigZag Conversion.csproj", "{93F9A963-BFB1-4D71-BDED-42EFE752D978}"
EndProject
Project("{9A19103F-16F7-4668-BE54-9A1E7A4F7556}") = "07. Reverse Integer", "07. Reverse Integer\07. Reverse Integer.csproj", "{B0F1A469-F264-43EC-8434-83D681A1513E}"
EndProject
Project("{9A19103F-16F7-4668-BE54-9A1E7A4F7556}") = "08. String to Integer (atoi)", "08. String to Integer (atoi)\08. String to Integer (atoi).csproj", "{14254EA4-8551-4A4B-8DFB-DF97D4E8194C}"
EndProject
Project("{9A19103F-16F7-4668-BE54-9A1E7A4F7556}") = "09. Palindrome Number", "09. Palindrome Number\09. Palindrome Number.csproj", "{A125F66C-7ADA-432F-85A1-02FA1107C3B4}"
EndProject
Project("{9A19103F-16F7-4668-BE54-9A1E7A4F7556}") = "11. Container With Most Water", "11. Container With Most Water\11. Container With Most Water.csproj", "{0E787659-FDB5-40F9-A7DB-6367002DD035}"
EndProject
Project("{9A19103F-16F7-4668-BE54-9A1E7A4F7556}") = "14. Longest Common Prefix", "14. Longest Common Prefix\14. Longest Common Prefix.csproj", "{353F515B-C2BE-466E-9EBA-58A310A2C6FB}"
EndProject
Project("{9A19103F-16F7-4668-BE54-9A1E7A4F7556}") = "17. Letter Combinations of a Phone Number", "17. Letter Combinations of a Phone Number\17. Letter Combinations of a Phone Number.csproj", "{D9A5C99E-67D1-4BDB-910F-335F01C29583}"
EndProject
Project("{9A19103F-16F7-4668-BE54-9A1E7A4F7556}") = "15. 3Sum", "15. 3Sum\15. 3Sum.csproj", "{6970F316-9A0B-4CCD-880F-313B6BEF6FC7}"
EndProject
Project("{9A19103F-16F7-4668-BE54-9A1E7A4F7556}") = "18. 4Sum", "18. 4Sum\18. 4Sum.csproj", "{7034A7BF-7CF7-4652-873D-B03C2F70E4C9}"
EndProject
Project("{9A19103F-16F7-4668-BE54-9A1E7A4F7556}") = "16. 3Sum Closest", "16. 3Sum Closest\16. 3Sum Closest.csproj", "{28E1C5A7-7F17-4485-AF35-00EE3542EF7B}"
EndProject
Project("{9A19103F-16F7-4668-BE54-9A1E7A4F7556}") = "19. Remove Nth Node From End of List", "19. Remove Nth Node From End of List\19. Remove Nth Node From End of List.csproj", "{FC6376B6-AA13-4D35-943F-CC8042A146F2}"
EndProject
Project("{9A19103F-16F7-4668-BE54-9A1E7A4F7556}") = "20. Valid Parentheses", "20. Valid Parentheses\20. Valid Parentheses.csproj", "{0FF65364-2B2E-48AC-B2E4-21A437B95985}"
EndProject
Project("{9A19103F-16F7-4668-BE54-9A1E7A4F7556}") = "21. Merge Two Sorted Lists", "21. Merge Two Sorted Lists\21. Merge Two Sorted Lists.csproj", "{BE0E18A5-B0E6-4226-A6DD-F62D590D1C54}"
EndProject
Project("{9A19103F-16F7-4668-BE54-9A1E7A4F7556}") = "22. Generate Parentheses", "22. Generate Parentheses\22. Generate Parentheses.csproj", "{A679D79F-E6A2-45A8-8B2E-BDFB1AD34238}"
EndProject
Project("{9A19103F-16F7-4668-BE54-9A1E7A4F7556}") = "26. Remove Duplicates from Sorted Array", "26. Remove Duplicates from Sorted Array\26. Remove Duplicates from Sorted Array.csproj", "{1B3B0C05-040A-479A-9A63-43E6F05D3E50}"
EndProject
Project("{9A19103F-16F7-4668-BE54-9A1E7A4F7556}") = "27. Remove Element", "27. Remove Element\27. Remove Element.csproj", "{B00EDF38-4E4E-4804-BE25-0BCD8230E9BD}"
EndProject
Project("{9A19103F-16F7-4668-BE54-9A1E7A4F7556}") = "34. Find First and Last Position of Element in Sorted Array", "34. Find First and Last Position of Element in Sorted Array\34. Find First and Last Position of Element in Sorted Array.csproj", "{9F3269D8-0336-4740-9C25-9605C5EDF1B3}"
EndProject
Project("{9A19103F-16F7-4668-BE54-9A1E7A4F7556}") = "36. Valid Sudoku", "36. Valid Sudoku\36. Valid Sudoku.csproj", "{92F1713E-FD5A-430B-9BE0-FF0F707E72CD}"
EndProject
Project("{9A19103F-16F7-4668-BE54-9A1E7A4F7556}") = "28. Implement strStr()", "28. Implement strStr()\28. Implement strStr().csproj", "{EF74336B-3429-4B5E-914D-9DD579814035}"
EndProject
Project("{9A19103F-16F7-4668-BE54-9A1E7A4F7556}") = "24. Swap Nodes in Pairs", "24. Swap Nodes in Pairs\24. Swap Nodes in Pairs.csproj", "{DAD0C379-1B4C-47B3-BADA-1ED0928595BD}"
EndProject
Project("{9A19103F-16F7-4668-BE54-9A1E7A4F7556}") = "38. Count and Say", "38. Count and Say\38. Count and Say.csproj", "{B9791EF5-BF02-41CA-9B9B-E4D9E447D4F4}"
EndProject
Project("{9A19103F-16F7-4668-BE54-9A1E7A4F7556}") = "46. Permutations", "46. Permutations\46. Permutations.csproj", "{74CBFBF3-D600-40BC-A421-704EE7E6C9CE}"
EndProject
Project("{9A19103F-16F7-4668-BE54-9A1E7A4F7556}") = "48. Rotate Image", "48. Rotate Image\48. Rotate Image.csproj", "{6D517D83-F4C1-47F7-A5A0-2330286918DE}"
EndProject
Project("{9A19103F-16F7-4668-BE54-9A1E7A4F7556}") = "49. Group Anagrams", "49. Group Anagrams\49. Group Anagrams.csproj", "{A8ED70C9-F40D-42FE-A2F4-4D446C2C88AA}"
EndProject
Project("{9A19103F-16F7-4668-BE54-9A1E7A4F7556}") = "43. Multiply Strings", "43. Multiply Strings\43. Multiply Strings.csproj", "{CFC55CA8-4B11-4D4C-806B-2DE4A45F48F9}"
EndProject
Project("{9A19103F-16F7-4668-BE54-9A1E7A4F7556}") = "35. Search Insert Position", "35. Search Insert Position\35. Search Insert Position.csproj", "{9DF6AA26-6DFD-4E8A-B031-684695D10725}"
EndProject
Project("{9A19103F-16F7-4668-BE54-9A1E7A4F7556}") = "40. Combination Sum II", "40. Combination Sum II\40. Combination Sum II.csproj", "{1D529D2C-4468-434D-A96B-19506AF4972B}"
EndProject
Project("{9A19103F-16F7-4668-BE54-9A1E7A4F7556}") = "98. Validate Binary Search Tree", "98. Validate Binary Search Tree\98. Validate Binary Search Tree.csproj", "{39C4280D-83ED-4E26-91E2-AEF96093406F}"
EndProject
Project("{9A19103F-16F7-4668-BE54-9A1E7A4F7556}") = "100. Same Tree", "100. Same Tree\100. Same Tree.csproj", "{D4E4E1CA-EDCC-4AF5-8331-1BE133CF0CA6}"
EndProject
Project("{9A19103F-16F7-4668-BE54-9A1E7A4F7556}") = "101. Symmetric Tree", "101. Symmetric Tree\101. Symmetric Tree.csproj", "{656D835D-ED7E-4220-9CA7-04336C12F852}"
EndProject
Project("{9A19103F-16F7-4668-BE54-9A1E7A4F7556}") = "104. Maximum Depth of Binary Tree", "104. Maximum Depth of Binary Tree\104. Maximum Depth of Binary Tree.csproj", "{A1E21607-4F7B-4D95-ABE0-4CABB2D888B2}"
EndProject
Project("{9A19103F-16F7-4668-BE54-9A1E7A4F7556}") = "108. Convert Sorted Array to Binary Search Tree", "108. Convert Sorted Array to Binary Search Tree\108. Convert Sorted Array to Binary Search Tree.csproj", "{7FCF6001-2C49-48F8-9786-284F4D0E2AFE}"
EndProject
Project("{9A19103F-16F7-4668-BE54-9A1E7A4F7556}") = "110. Balanced Binary Tree", "110. Balanced Binary Tree\110. Balanced Binary Tree.csproj", "{131E3C42-121E-4E2B-A713-6E31E30F8C75}"
EndProject
Project("{9A19103F-16F7-4668-BE54-9A1E7A4F7556}") = "111. Minimum Depth of Binary Tree", "111. Minimum Depth of Binary Tree\111. Minimum Depth of Binary Tree.csproj", "{7B6B0519-F331-4D1C-968A-7756CCD29B4B}"
EndProject
Project("{9A19103F-16F7-4668-BE54-9A1E7A4F7556}") = "112. Path Sum", "112. Path Sum\112. Path Sum.csproj", "{7AEB7630-E7CD-4298-A682-7553895AFEC3}"
EndProject
Project("{FAE04EC0-301F-11D3-BF4B-00C04F79EFBC}") = "1114. Print in Order", "1114. Print in Order\1114. Print in Order.csproj", "{2F8A8BF4-EBFA-4AE2-A0CA-ABBD1484EA50}"
EndProject
Global
	GlobalSection(SolutionConfigurationPlatforms) = preSolution
		Debug|Any CPU = Debug|Any CPU
		Release|Any CPU = Release|Any CPU
	EndGlobalSection
	GlobalSection(ProjectConfigurationPlatforms) = postSolution
		{91DABEAC-76B8-4A1E-86BD-D4EB2FC0A708}.Debug|Any CPU.ActiveCfg = Debug|Any CPU
		{91DABEAC-76B8-4A1E-86BD-D4EB2FC0A708}.Debug|Any CPU.Build.0 = Debug|Any CPU
		{91DABEAC-76B8-4A1E-86BD-D4EB2FC0A708}.Release|Any CPU.ActiveCfg = Release|Any CPU
		{91DABEAC-76B8-4A1E-86BD-D4EB2FC0A708}.Release|Any CPU.Build.0 = Release|Any CPU
		{CA6100D7-C0B5-466E-AA4A-ACFAABA1ECA7}.Debug|Any CPU.ActiveCfg = Debug|Any CPU
		{CA6100D7-C0B5-466E-AA4A-ACFAABA1ECA7}.Debug|Any CPU.Build.0 = Debug|Any CPU
		{CA6100D7-C0B5-466E-AA4A-ACFAABA1ECA7}.Release|Any CPU.ActiveCfg = Release|Any CPU
		{CA6100D7-C0B5-466E-AA4A-ACFAABA1ECA7}.Release|Any CPU.Build.0 = Release|Any CPU
		{37807C9F-7858-4BA2-812D-661293824A21}.Debug|Any CPU.ActiveCfg = Debug|Any CPU
		{37807C9F-7858-4BA2-812D-661293824A21}.Debug|Any CPU.Build.0 = Debug|Any CPU
		{37807C9F-7858-4BA2-812D-661293824A21}.Release|Any CPU.ActiveCfg = Release|Any CPU
		{37807C9F-7858-4BA2-812D-661293824A21}.Release|Any CPU.Build.0 = Release|Any CPU
		{31078BE1-2640-48A2-8BA4-728CC83D1BF3}.Debug|Any CPU.ActiveCfg = Debug|Any CPU
		{31078BE1-2640-48A2-8BA4-728CC83D1BF3}.Debug|Any CPU.Build.0 = Debug|Any CPU
		{31078BE1-2640-48A2-8BA4-728CC83D1BF3}.Release|Any CPU.ActiveCfg = Release|Any CPU
		{31078BE1-2640-48A2-8BA4-728CC83D1BF3}.Release|Any CPU.Build.0 = Release|Any CPU
		{24BEE0E9-0D54-470E-8003-53978C332DD7}.Debug|Any CPU.ActiveCfg = Debug|Any CPU
		{24BEE0E9-0D54-470E-8003-53978C332DD7}.Debug|Any CPU.Build.0 = Debug|Any CPU
		{24BEE0E9-0D54-470E-8003-53978C332DD7}.Release|Any CPU.ActiveCfg = Release|Any CPU
		{24BEE0E9-0D54-470E-8003-53978C332DD7}.Release|Any CPU.Build.0 = Release|Any CPU
		{93F9A963-BFB1-4D71-BDED-42EFE752D978}.Debug|Any CPU.ActiveCfg = Debug|Any CPU
		{93F9A963-BFB1-4D71-BDED-42EFE752D978}.Debug|Any CPU.Build.0 = Debug|Any CPU
		{93F9A963-BFB1-4D71-BDED-42EFE752D978}.Release|Any CPU.ActiveCfg = Release|Any CPU
		{93F9A963-BFB1-4D71-BDED-42EFE752D978}.Release|Any CPU.Build.0 = Release|Any CPU
		{B0F1A469-F264-43EC-8434-83D681A1513E}.Debug|Any CPU.ActiveCfg = Debug|Any CPU
		{B0F1A469-F264-43EC-8434-83D681A1513E}.Debug|Any CPU.Build.0 = Debug|Any CPU
		{B0F1A469-F264-43EC-8434-83D681A1513E}.Release|Any CPU.ActiveCfg = Release|Any CPU
		{B0F1A469-F264-43EC-8434-83D681A1513E}.Release|Any CPU.Build.0 = Release|Any CPU
		{14254EA4-8551-4A4B-8DFB-DF97D4E8194C}.Debug|Any CPU.ActiveCfg = Debug|Any CPU
		{14254EA4-8551-4A4B-8DFB-DF97D4E8194C}.Debug|Any CPU.Build.0 = Debug|Any CPU
		{14254EA4-8551-4A4B-8DFB-DF97D4E8194C}.Release|Any CPU.ActiveCfg = Release|Any CPU
		{14254EA4-8551-4A4B-8DFB-DF97D4E8194C}.Release|Any CPU.Build.0 = Release|Any CPU
		{A125F66C-7ADA-432F-85A1-02FA1107C3B4}.Debug|Any CPU.ActiveCfg = Debug|Any CPU
		{A125F66C-7ADA-432F-85A1-02FA1107C3B4}.Debug|Any CPU.Build.0 = Debug|Any CPU
		{A125F66C-7ADA-432F-85A1-02FA1107C3B4}.Release|Any CPU.ActiveCfg = Release|Any CPU
		{A125F66C-7ADA-432F-85A1-02FA1107C3B4}.Release|Any CPU.Build.0 = Release|Any CPU
		{0E787659-FDB5-40F9-A7DB-6367002DD035}.Debug|Any CPU.ActiveCfg = Debug|Any CPU
		{0E787659-FDB5-40F9-A7DB-6367002DD035}.Debug|Any CPU.Build.0 = Debug|Any CPU
		{0E787659-FDB5-40F9-A7DB-6367002DD035}.Release|Any CPU.ActiveCfg = Release|Any CPU
		{0E787659-FDB5-40F9-A7DB-6367002DD035}.Release|Any CPU.Build.0 = Release|Any CPU
		{353F515B-C2BE-466E-9EBA-58A310A2C6FB}.Debug|Any CPU.ActiveCfg = Debug|Any CPU
		{353F515B-C2BE-466E-9EBA-58A310A2C6FB}.Debug|Any CPU.Build.0 = Debug|Any CPU
		{353F515B-C2BE-466E-9EBA-58A310A2C6FB}.Release|Any CPU.ActiveCfg = Release|Any CPU
		{353F515B-C2BE-466E-9EBA-58A310A2C6FB}.Release|Any CPU.Build.0 = Release|Any CPU
		{D9A5C99E-67D1-4BDB-910F-335F01C29583}.Debug|Any CPU.ActiveCfg = Debug|Any CPU
		{D9A5C99E-67D1-4BDB-910F-335F01C29583}.Debug|Any CPU.Build.0 = Debug|Any CPU
		{D9A5C99E-67D1-4BDB-910F-335F01C29583}.Release|Any CPU.ActiveCfg = Release|Any CPU
		{D9A5C99E-67D1-4BDB-910F-335F01C29583}.Release|Any CPU.Build.0 = Release|Any CPU
		{6970F316-9A0B-4CCD-880F-313B6BEF6FC7}.Debug|Any CPU.ActiveCfg = Debug|Any CPU
		{6970F316-9A0B-4CCD-880F-313B6BEF6FC7}.Debug|Any CPU.Build.0 = Debug|Any CPU
		{6970F316-9A0B-4CCD-880F-313B6BEF6FC7}.Release|Any CPU.ActiveCfg = Release|Any CPU
		{6970F316-9A0B-4CCD-880F-313B6BEF6FC7}.Release|Any CPU.Build.0 = Release|Any CPU
		{7034A7BF-7CF7-4652-873D-B03C2F70E4C9}.Debug|Any CPU.ActiveCfg = Debug|Any CPU
		{7034A7BF-7CF7-4652-873D-B03C2F70E4C9}.Debug|Any CPU.Build.0 = Debug|Any CPU
		{7034A7BF-7CF7-4652-873D-B03C2F70E4C9}.Release|Any CPU.ActiveCfg = Release|Any CPU
		{7034A7BF-7CF7-4652-873D-B03C2F70E4C9}.Release|Any CPU.Build.0 = Release|Any CPU
		{28E1C5A7-7F17-4485-AF35-00EE3542EF7B}.Debug|Any CPU.ActiveCfg = Debug|Any CPU
		{28E1C5A7-7F17-4485-AF35-00EE3542EF7B}.Debug|Any CPU.Build.0 = Debug|Any CPU
		{28E1C5A7-7F17-4485-AF35-00EE3542EF7B}.Release|Any CPU.ActiveCfg = Release|Any CPU
		{28E1C5A7-7F17-4485-AF35-00EE3542EF7B}.Release|Any CPU.Build.0 = Release|Any CPU
		{FC6376B6-AA13-4D35-943F-CC8042A146F2}.Debug|Any CPU.ActiveCfg = Debug|Any CPU
		{FC6376B6-AA13-4D35-943F-CC8042A146F2}.Debug|Any CPU.Build.0 = Debug|Any CPU
		{FC6376B6-AA13-4D35-943F-CC8042A146F2}.Release|Any CPU.ActiveCfg = Release|Any CPU
		{FC6376B6-AA13-4D35-943F-CC8042A146F2}.Release|Any CPU.Build.0 = Release|Any CPU
		{0FF65364-2B2E-48AC-B2E4-21A437B95985}.Debug|Any CPU.ActiveCfg = Debug|Any CPU
		{0FF65364-2B2E-48AC-B2E4-21A437B95985}.Debug|Any CPU.Build.0 = Debug|Any CPU
		{0FF65364-2B2E-48AC-B2E4-21A437B95985}.Release|Any CPU.ActiveCfg = Release|Any CPU
		{0FF65364-2B2E-48AC-B2E4-21A437B95985}.Release|Any CPU.Build.0 = Release|Any CPU
		{BE0E18A5-B0E6-4226-A6DD-F62D590D1C54}.Debug|Any CPU.ActiveCfg = Debug|Any CPU
		{BE0E18A5-B0E6-4226-A6DD-F62D590D1C54}.Debug|Any CPU.Build.0 = Debug|Any CPU
		{BE0E18A5-B0E6-4226-A6DD-F62D590D1C54}.Release|Any CPU.ActiveCfg = Release|Any CPU
		{BE0E18A5-B0E6-4226-A6DD-F62D590D1C54}.Release|Any CPU.Build.0 = Release|Any CPU
		{A679D79F-E6A2-45A8-8B2E-BDFB1AD34238}.Debug|Any CPU.ActiveCfg = Debug|Any CPU
		{A679D79F-E6A2-45A8-8B2E-BDFB1AD34238}.Debug|Any CPU.Build.0 = Debug|Any CPU
		{A679D79F-E6A2-45A8-8B2E-BDFB1AD34238}.Release|Any CPU.ActiveCfg = Release|Any CPU
		{A679D79F-E6A2-45A8-8B2E-BDFB1AD34238}.Release|Any CPU.Build.0 = Release|Any CPU
		{1B3B0C05-040A-479A-9A63-43E6F05D3E50}.Debug|Any CPU.ActiveCfg = Debug|Any CPU
		{1B3B0C05-040A-479A-9A63-43E6F05D3E50}.Debug|Any CPU.Build.0 = Debug|Any CPU
		{1B3B0C05-040A-479A-9A63-43E6F05D3E50}.Release|Any CPU.ActiveCfg = Release|Any CPU
		{1B3B0C05-040A-479A-9A63-43E6F05D3E50}.Release|Any CPU.Build.0 = Release|Any CPU
		{B00EDF38-4E4E-4804-BE25-0BCD8230E9BD}.Debug|Any CPU.ActiveCfg = Debug|Any CPU
		{B00EDF38-4E4E-4804-BE25-0BCD8230E9BD}.Debug|Any CPU.Build.0 = Debug|Any CPU
		{B00EDF38-4E4E-4804-BE25-0BCD8230E9BD}.Release|Any CPU.ActiveCfg = Release|Any CPU
		{B00EDF38-4E4E-4804-BE25-0BCD8230E9BD}.Release|Any CPU.Build.0 = Release|Any CPU
		{9F3269D8-0336-4740-9C25-9605C5EDF1B3}.Debug|Any CPU.ActiveCfg = Debug|Any CPU
		{9F3269D8-0336-4740-9C25-9605C5EDF1B3}.Debug|Any CPU.Build.0 = Debug|Any CPU
		{9F3269D8-0336-4740-9C25-9605C5EDF1B3}.Release|Any CPU.ActiveCfg = Release|Any CPU
		{9F3269D8-0336-4740-9C25-9605C5EDF1B3}.Release|Any CPU.Build.0 = Release|Any CPU
		{92F1713E-FD5A-430B-9BE0-FF0F707E72CD}.Debug|Any CPU.ActiveCfg = Debug|Any CPU
		{92F1713E-FD5A-430B-9BE0-FF0F707E72CD}.Debug|Any CPU.Build.0 = Debug|Any CPU
		{92F1713E-FD5A-430B-9BE0-FF0F707E72CD}.Release|Any CPU.ActiveCfg = Release|Any CPU
		{92F1713E-FD5A-430B-9BE0-FF0F707E72CD}.Release|Any CPU.Build.0 = Release|Any CPU
		{EF74336B-3429-4B5E-914D-9DD579814035}.Debug|Any CPU.ActiveCfg = Debug|Any CPU
		{EF74336B-3429-4B5E-914D-9DD579814035}.Debug|Any CPU.Build.0 = Debug|Any CPU
		{EF74336B-3429-4B5E-914D-9DD579814035}.Release|Any CPU.ActiveCfg = Release|Any CPU
		{EF74336B-3429-4B5E-914D-9DD579814035}.Release|Any CPU.Build.0 = Release|Any CPU
		{DAD0C379-1B4C-47B3-BADA-1ED0928595BD}.Debug|Any CPU.ActiveCfg = Debug|Any CPU
		{DAD0C379-1B4C-47B3-BADA-1ED0928595BD}.Debug|Any CPU.Build.0 = Debug|Any CPU
		{DAD0C379-1B4C-47B3-BADA-1ED0928595BD}.Release|Any CPU.ActiveCfg = Release|Any CPU
		{DAD0C379-1B4C-47B3-BADA-1ED0928595BD}.Release|Any CPU.Build.0 = Release|Any CPU
		{B9791EF5-BF02-41CA-9B9B-E4D9E447D4F4}.Debug|Any CPU.ActiveCfg = Debug|Any CPU
		{B9791EF5-BF02-41CA-9B9B-E4D9E447D4F4}.Debug|Any CPU.Build.0 = Debug|Any CPU
		{B9791EF5-BF02-41CA-9B9B-E4D9E447D4F4}.Release|Any CPU.ActiveCfg = Release|Any CPU
		{B9791EF5-BF02-41CA-9B9B-E4D9E447D4F4}.Release|Any CPU.Build.0 = Release|Any CPU
		{74CBFBF3-D600-40BC-A421-704EE7E6C9CE}.Debug|Any CPU.ActiveCfg = Debug|Any CPU
		{74CBFBF3-D600-40BC-A421-704EE7E6C9CE}.Debug|Any CPU.Build.0 = Debug|Any CPU
		{74CBFBF3-D600-40BC-A421-704EE7E6C9CE}.Release|Any CPU.ActiveCfg = Release|Any CPU
		{74CBFBF3-D600-40BC-A421-704EE7E6C9CE}.Release|Any CPU.Build.0 = Release|Any CPU
		{6D517D83-F4C1-47F7-A5A0-2330286918DE}.Debug|Any CPU.ActiveCfg = Debug|Any CPU
		{6D517D83-F4C1-47F7-A5A0-2330286918DE}.Debug|Any CPU.Build.0 = Debug|Any CPU
		{6D517D83-F4C1-47F7-A5A0-2330286918DE}.Release|Any CPU.ActiveCfg = Release|Any CPU
		{6D517D83-F4C1-47F7-A5A0-2330286918DE}.Release|Any CPU.Build.0 = Release|Any CPU
		{A8ED70C9-F40D-42FE-A2F4-4D446C2C88AA}.Debug|Any CPU.ActiveCfg = Debug|Any CPU
		{A8ED70C9-F40D-42FE-A2F4-4D446C2C88AA}.Debug|Any CPU.Build.0 = Debug|Any CPU
		{A8ED70C9-F40D-42FE-A2F4-4D446C2C88AA}.Release|Any CPU.ActiveCfg = Release|Any CPU
		{A8ED70C9-F40D-42FE-A2F4-4D446C2C88AA}.Release|Any CPU.Build.0 = Release|Any CPU
		{CFC55CA8-4B11-4D4C-806B-2DE4A45F48F9}.Debug|Any CPU.ActiveCfg = Debug|Any CPU
		{CFC55CA8-4B11-4D4C-806B-2DE4A45F48F9}.Debug|Any CPU.Build.0 = Debug|Any CPU
		{CFC55CA8-4B11-4D4C-806B-2DE4A45F48F9}.Release|Any CPU.ActiveCfg = Release|Any CPU
		{CFC55CA8-4B11-4D4C-806B-2DE4A45F48F9}.Release|Any CPU.Build.0 = Release|Any CPU
		{9DF6AA26-6DFD-4E8A-B031-684695D10725}.Debug|Any CPU.ActiveCfg = Debug|Any CPU
		{9DF6AA26-6DFD-4E8A-B031-684695D10725}.Debug|Any CPU.Build.0 = Debug|Any CPU
		{9DF6AA26-6DFD-4E8A-B031-684695D10725}.Release|Any CPU.ActiveCfg = Release|Any CPU
		{9DF6AA26-6DFD-4E8A-B031-684695D10725}.Release|Any CPU.Build.0 = Release|Any CPU
		{1D529D2C-4468-434D-A96B-19506AF4972B}.Debug|Any CPU.ActiveCfg = Debug|Any CPU
		{1D529D2C-4468-434D-A96B-19506AF4972B}.Debug|Any CPU.Build.0 = Debug|Any CPU
		{1D529D2C-4468-434D-A96B-19506AF4972B}.Release|Any CPU.ActiveCfg = Release|Any CPU
		{1D529D2C-4468-434D-A96B-19506AF4972B}.Release|Any CPU.Build.0 = Release|Any CPU
		{39C4280D-83ED-4E26-91E2-AEF96093406F}.Debug|Any CPU.ActiveCfg = Debug|Any CPU
		{39C4280D-83ED-4E26-91E2-AEF96093406F}.Debug|Any CPU.Build.0 = Debug|Any CPU
		{39C4280D-83ED-4E26-91E2-AEF96093406F}.Release|Any CPU.ActiveCfg = Release|Any CPU
		{39C4280D-83ED-4E26-91E2-AEF96093406F}.Release|Any CPU.Build.0 = Release|Any CPU
		{D4E4E1CA-EDCC-4AF5-8331-1BE133CF0CA6}.Debug|Any CPU.ActiveCfg = Debug|Any CPU
		{D4E4E1CA-EDCC-4AF5-8331-1BE133CF0CA6}.Debug|Any CPU.Build.0 = Debug|Any CPU
		{D4E4E1CA-EDCC-4AF5-8331-1BE133CF0CA6}.Release|Any CPU.ActiveCfg = Release|Any CPU
		{D4E4E1CA-EDCC-4AF5-8331-1BE133CF0CA6}.Release|Any CPU.Build.0 = Release|Any CPU
		{656D835D-ED7E-4220-9CA7-04336C12F852}.Debug|Any CPU.ActiveCfg = Debug|Any CPU
		{656D835D-ED7E-4220-9CA7-04336C12F852}.Debug|Any CPU.Build.0 = Debug|Any CPU
		{656D835D-ED7E-4220-9CA7-04336C12F852}.Release|Any CPU.ActiveCfg = Release|Any CPU
		{656D835D-ED7E-4220-9CA7-04336C12F852}.Release|Any CPU.Build.0 = Release|Any CPU
		{A1E21607-4F7B-4D95-ABE0-4CABB2D888B2}.Debug|Any CPU.ActiveCfg = Debug|Any CPU
		{A1E21607-4F7B-4D95-ABE0-4CABB2D888B2}.Debug|Any CPU.Build.0 = Debug|Any CPU
		{A1E21607-4F7B-4D95-ABE0-4CABB2D888B2}.Release|Any CPU.ActiveCfg = Release|Any CPU
		{A1E21607-4F7B-4D95-ABE0-4CABB2D888B2}.Release|Any CPU.Build.0 = Release|Any CPU
		{7FCF6001-2C49-48F8-9786-284F4D0E2AFE}.Debug|Any CPU.ActiveCfg = Debug|Any CPU
		{7FCF6001-2C49-48F8-9786-284F4D0E2AFE}.Debug|Any CPU.Build.0 = Debug|Any CPU
		{7FCF6001-2C49-48F8-9786-284F4D0E2AFE}.Release|Any CPU.ActiveCfg = Release|Any CPU
		{7FCF6001-2C49-48F8-9786-284F4D0E2AFE}.Release|Any CPU.Build.0 = Release|Any CPU
		{131E3C42-121E-4E2B-A713-6E31E30F8C75}.Debug|Any CPU.ActiveCfg = Debug|Any CPU
		{131E3C42-121E-4E2B-A713-6E31E30F8C75}.Debug|Any CPU.Build.0 = Debug|Any CPU
		{131E3C42-121E-4E2B-A713-6E31E30F8C75}.Release|Any CPU.ActiveCfg = Release|Any CPU
		{131E3C42-121E-4E2B-A713-6E31E30F8C75}.Release|Any CPU.Build.0 = Release|Any CPU
		{7B6B0519-F331-4D1C-968A-7756CCD29B4B}.Debug|Any CPU.ActiveCfg = Debug|Any CPU
		{7B6B0519-F331-4D1C-968A-7756CCD29B4B}.Debug|Any CPU.Build.0 = Debug|Any CPU
		{7B6B0519-F331-4D1C-968A-7756CCD29B4B}.Release|Any CPU.ActiveCfg = Release|Any CPU
		{7B6B0519-F331-4D1C-968A-7756CCD29B4B}.Release|Any CPU.Build.0 = Release|Any CPU
		{7AEB7630-E7CD-4298-A682-7553895AFEC3}.Debug|Any CPU.ActiveCfg = Debug|Any CPU
		{7AEB7630-E7CD-4298-A682-7553895AFEC3}.Debug|Any CPU.Build.0 = Debug|Any CPU
		{7AEB7630-E7CD-4298-A682-7553895AFEC3}.Release|Any CPU.ActiveCfg = Release|Any CPU
		{7AEB7630-E7CD-4298-A682-7553895AFEC3}.Release|Any CPU.Build.0 = Release|Any CPU
		{2F8A8BF4-EBFA-4AE2-A0CA-ABBD1484EA50}.Debug|Any CPU.ActiveCfg = Debug|Any CPU
		{2F8A8BF4-EBFA-4AE2-A0CA-ABBD1484EA50}.Debug|Any CPU.Build.0 = Debug|Any CPU
		{2F8A8BF4-EBFA-4AE2-A0CA-ABBD1484EA50}.Release|Any CPU.ActiveCfg = Release|Any CPU
		{2F8A8BF4-EBFA-4AE2-A0CA-ABBD1484EA50}.Release|Any CPU.Build.0 = Release|Any CPU
	EndGlobalSection
	GlobalSection(SolutionProperties) = preSolution
		HideSolutionNode = FALSE
	EndGlobalSection
	GlobalSection(ExtensibilityGlobals) = postSolution
		SolutionGuid = {A3A2472D-564E-474F-A1B4-6D31C20739A9}
	EndGlobalSection
EndGlobal
