
Microsoft Visual Studio Solution File, Format Version 12.00
# Visual Studio Version 16
VisualStudioVersion = 16.0.28803.352
MinimumVisualStudioVersion = 10.0.40219.1
Project("{9A19103F-16F7-4668-BE54-9A1E7A4F7556}") = "01. Two Sum", "01. Two Sum\01. Two Sum.csproj", "{91DABEAC-76B8-4A1E-86BD-D4EB2FC0A708}"
EndProject
Project("{9A19103F-16F7-4668-BE54-9A1E7A4F7556}") = "02. Add Two Numbers", "02. Add Two Numbers\02. Add Two Numbers.csproj", "{CA6100D7-C0B5-466E-AA4A-ACFAABA1ECA7}"
EndProject
Project("{9A19103F-16F7-4668-BE54-9A1E7A4F7556}") = "Common", "Common\Common.csproj", "{37807C9F-7858-4BA2-812D-661293824A21}"
EndProject
Project("{9A19103F-16F7-4668-BE54-9A1E7A4F7556}") = "03. Longest Substring Without Repeating Characters", "03. Longest Substring Without Repeating Characters\03. Longest Substring Without Repeating Characters.csproj", "{31078BE1-2640-48A2-8BA4-728CC83D1BF3}"
EndProject
Project("{9A19103F-16F7-4668-BE54-9A1E7A4F7556}") = "05. Longest Palindromic Substring", "05. Longest Palindromic Substring\05. Longest Palindromic Substring.csproj", "{24BEE0E9-0D54-470E-8003-53978C332DD7}"
EndProject
Project("{9A19103F-16F7-4668-BE54-9A1E7A4F7556}") = "06. ZigZag Conversion", "06. ZigZag Conversion\06. ZigZag Conversion.csproj", "{93F9A963-BFB1-4D71-BDED-42EFE752D978}"
EndProject
Project("{9A19103F-16F7-4668-BE54-9A1E7A4F7556}") = "07. Reverse Integer", "07. Reverse Integer\07. Reverse Integer.csproj", "{B0F1A469-F264-43EC-8434-83D681A1513E}"
EndProject
Project("{9A19103F-16F7-4668-BE54-9A1E7A4F7556}") = "08. String to Integer (atoi)", "08. String to Integer (atoi)\08. String to Integer (atoi).csproj", "{14254EA4-8551-4A4B-8DFB-DF97D4E8194C}"
EndProject
Project("{9A19103F-16F7-4668-BE54-9A1E7A4F7556}") = "09. Palindrome Number", "09. Palindrome Number\09. Palindrome Number.csproj", "{A125F66C-7ADA-432F-85A1-02FA1107C3B4}"
EndProject
Project("{9A19103F-16F7-4668-BE54-9A1E7A4F7556}") = "11. Container With Most Water", "11. Container With Most Water\11. Container With Most Water.csproj", "{0E787659-FDB5-40F9-A7DB-6367002DD035}"
EndProject
Project("{9A19103F-16F7-4668-BE54-9A1E7A4F7556}") = "14. Longest Common Prefix", "14. Longest Common Prefix\14. Longest Common Prefix.csproj", "{353F515B-C2BE-466E-9EBA-58A310A2C6FB}"
EndProject
Project("{9A19103F-16F7-4668-BE54-9A1E7A4F7556}") = "17. Letter Combinations of a Phone Number", "17. Letter Combinations of a Phone Number\17. Letter Combinations of a Phone Number.csproj", "{D9A5C99E-67D1-4BDB-910F-335F01C29583}"
EndProject
Project("{9A19103F-16F7-4668-BE54-9A1E7A4F7556}") = "15. 3Sum", "15. 3Sum\15. 3Sum.csproj", "{6970F316-9A0B-4CCD-880F-313B6BEF6FC7}"
EndProject
Project("{9A19103F-16F7-4668-BE54-9A1E7A4F7556}") = "18. 4Sum", "18. 4Sum\18. 4Sum.csproj", "{7034A7BF-7CF7-4652-873D-B03C2F70E4C9}"
EndProject
Project("{FAE04EC0-301F-11D3-BF4B-00C04F79EFBC}") = "16. 3Sum Closest", "16. 3Sum Closest\16. 3Sum Closest.csproj", "{28E1C5A7-7F17-4485-AF35-00EE3542EF7B}"
EndProject
Project("{FAE04EC0-301F-11D3-BF4B-00C04F79EFBC}") = "19. Remove Nth Node From End of List", "19. Remove Nth Node From End of List\19. Remove Nth Node From End of List.csproj", "{FC6376B6-AA13-4D35-943F-CC8042A146F2}"
EndProject
Project("{FAE04EC0-301F-11D3-BF4B-00C04F79EFBC}") = "20. Valid Parentheses", "20. Valid Parentheses\20. Valid Parentheses.csproj", "{0FF65364-2B2E-48AC-B2E4-21A437B95985}"
EndProject
Project("{FAE04EC0-301F-11D3-BF4B-00C04F79EFBC}") = "21. Merge Two Sorted Lists", "21. Merge Two Sorted Lists\21. Merge Two Sorted Lists.csproj", "{BE0E18A5-B0E6-4226-A6DD-F62D590D1C54}"
EndProject
Project("{FAE04EC0-301F-11D3-BF4B-00C04F79EFBC}") = "22. Generate Parentheses", "22. Generate Parentheses\22. Generate Parentheses.csproj", "{A679D79F-E6A2-45A8-8B2E-BDFB1AD34238}"
EndProject
Project("{FAE04EC0-301F-11D3-BF4B-00C04F79EFBC}") = "26. Remove Duplicates from Sorted Array", "26. Remove Duplicates from Sorted Array\26. Remove Duplicates from Sorted Array.csproj", "{1B3B0C05-040A-479A-9A63-43E6F05D3E50}"
EndProject
Project("{FAE04EC0-301F-11D3-BF4B-00C04F79EFBC}") = "27. Remove Element", "27. Remove Element\27. Remove Element.csproj", "{B00EDF38-4E4E-4804-BE25-0BCD8230E9BD}"
EndProject
Project("{FAE04EC0-301F-11D3-BF4B-00C04F79EFBC}") = "34. Find First and Last Position of Element in Sorted Array", "34. Find First and Last Position of Element in Sorted Array\34. Find First and Last Position of Element in Sorted Array.csproj", "{9F3269D8-0336-4740-9C25-9605C5EDF1B3}"
EndProject
Project("{FAE04EC0-301F-11D3-BF4B-00C04F79EFBC}") = "36. Valid Sudoku", "36. Valid Sudoku\36. Valid Sudoku.csproj", "{92F1713E-FD5A-430B-9BE0-FF0F707E72CD}"
EndProject
Project("{FAE04EC0-301F-11D3-BF4B-00C04F79EFBC}") = "28. Implement strStr()", "28. Implement strStr()\28. Implement strStr().csproj", "{EF74336B-3429-4B5E-914D-9DD579814035}"
EndProject
Global
	GlobalSection(SolutionConfigurationPlatforms) = preSolution
		Debug|Any CPU = Debug|Any CPU
		Release|Any CPU = Release|Any CPU
	EndGlobalSection
	GlobalSection(ProjectConfigurationPlatforms) = postSolution
		{91DABEAC-76B8-4A1E-86BD-D4EB2FC0A708}.Debug|Any CPU.ActiveCfg = Debug|Any CPU
		{91DABEAC-76B8-4A1E-86BD-D4EB2FC0A708}.Debug|Any CPU.Build.0 = Debug|Any CPU
		{91DABEAC-76B8-4A1E-86BD-D4EB2FC0A708}.Release|Any CPU.ActiveCfg = Release|Any CPU
		{91DABEAC-76B8-4A1E-86BD-D4EB2FC0A708}.Release|Any CPU.Build.0 = Release|Any CPU
		{CA6100D7-C0B5-466E-AA4A-ACFAABA1ECA7}.Debug|Any CPU.ActiveCfg = Debug|Any CPU
		{CA6100D7-C0B5-466E-AA4A-ACFAABA1ECA7}.Debug|Any CPU.Build.0 = Debug|Any CPU
		{CA6100D7-C0B5-466E-AA4A-ACFAABA1ECA7}.Release|Any CPU.ActiveCfg = Release|Any CPU
		{CA6100D7-C0B5-466E-AA4A-ACFAABA1ECA7}.Release|Any CPU.Build.0 = Release|Any CPU
		{37807C9F-7858-4BA2-812D-661293824A21}.Debug|Any CPU.ActiveCfg = Debug|Any CPU
		{37807C9F-7858-4BA2-812D-661293824A21}.Debug|Any CPU.Build.0 = Debug|Any CPU
		{37807C9F-7858-4BA2-812D-661293824A21}.Release|Any CPU.ActiveCfg = Release|Any CPU
		{37807C9F-7858-4BA2-812D-661293824A21}.Release|Any CPU.Build.0 = Release|Any CPU
		{31078BE1-2640-48A2-8BA4-728CC83D1BF3}.Debug|Any CPU.ActiveCfg = Debug|Any CPU
		{31078BE1-2640-48A2-8BA4-728CC83D1BF3}.Debug|Any CPU.Build.0 = Debug|Any CPU
		{31078BE1-2640-48A2-8BA4-728CC83D1BF3}.Release|Any CPU.ActiveCfg = Release|Any CPU
		{31078BE1-2640-48A2-8BA4-728CC83D1BF3}.Release|Any CPU.Build.0 = Release|Any CPU
		{24BEE0E9-0D54-470E-8003-53978C332DD7}.Debug|Any CPU.ActiveCfg = Debug|Any CPU
		{24BEE0E9-0D54-470E-8003-53978C332DD7}.Debug|Any CPU.Build.0 = Debug|Any CPU
		{24BEE0E9-0D54-470E-8003-53978C332DD7}.Release|Any CPU.ActiveCfg = Release|Any CPU
		{24BEE0E9-0D54-470E-8003-53978C332DD7}.Release|Any CPU.Build.0 = Release|Any CPU
		{93F9A963-BFB1-4D71-BDED-42EFE752D978}.Debug|Any CPU.ActiveCfg = Debug|Any CPU
		{93F9A963-BFB1-4D71-BDED-42EFE752D978}.Debug|Any CPU.Build.0 = Debug|Any CPU
		{93F9A963-BFB1-4D71-BDED-42EFE752D978}.Release|Any CPU.ActiveCfg = Release|Any CPU
		{93F9A963-BFB1-4D71-BDED-42EFE752D978}.Release|Any CPU.Build.0 = Release|Any CPU
		{B0F1A469-F264-43EC-8434-83D681A1513E}.Debug|Any CPU.ActiveCfg = Debug|Any CPU
		{B0F1A469-F264-43EC-8434-83D681A1513E}.Debug|Any CPU.Build.0 = Debug|Any CPU
		{B0F1A469-F264-43EC-8434-83D681A1513E}.Release|Any CPU.ActiveCfg = Release|Any CPU
		{B0F1A469-F264-43EC-8434-83D681A1513E}.Release|Any CPU.Build.0 = Release|Any CPU
		{14254EA4-8551-4A4B-8DFB-DF97D4E8194C}.Debug|Any CPU.ActiveCfg = Debug|Any CPU
		{14254EA4-8551-4A4B-8DFB-DF97D4E8194C}.Debug|Any CPU.Build.0 = Debug|Any CPU
		{14254EA4-8551-4A4B-8DFB-DF97D4E8194C}.Release|Any CPU.ActiveCfg = Release|Any CPU
		{14254EA4-8551-4A4B-8DFB-DF97D4E8194C}.Release|Any CPU.Build.0 = Release|Any CPU
		{A125F66C-7ADA-432F-85A1-02FA1107C3B4}.Debug|Any CPU.ActiveCfg = Debug|Any CPU
		{A125F66C-7ADA-432F-85A1-02FA1107C3B4}.Debug|Any CPU.Build.0 = Debug|Any CPU
		{A125F66C-7ADA-432F-85A1-02FA1107C3B4}.Release|Any CPU.ActiveCfg = Release|Any CPU
		{A125F66C-7ADA-432F-85A1-02FA1107C3B4}.Release|Any CPU.Build.0 = Release|Any CPU
		{0E787659-FDB5-40F9-A7DB-6367002DD035}.Debug|Any CPU.ActiveCfg = Debug|Any CPU
		{0E787659-FDB5-40F9-A7DB-6367002DD035}.Debug|Any CPU.Build.0 = Debug|Any CPU
		{0E787659-FDB5-40F9-A7DB-6367002DD035}.Release|Any CPU.ActiveCfg = Release|Any CPU
		{0E787659-FDB5-40F9-A7DB-6367002DD035}.Release|Any CPU.Build.0 = Release|Any CPU
		{353F515B-C2BE-466E-9EBA-58A310A2C6FB}.Debug|Any CPU.ActiveCfg = Debug|Any CPU
		{353F515B-C2BE-466E-9EBA-58A310A2C6FB}.Debug|Any CPU.Build.0 = Debug|Any CPU
		{353F515B-C2BE-466E-9EBA-58A310A2C6FB}.Release|Any CPU.ActiveCfg = Release|Any CPU
		{353F515B-C2BE-466E-9EBA-58A310A2C6FB}.Release|Any CPU.Build.0 = Release|Any CPU
		{D9A5C99E-67D1-4BDB-910F-335F01C29583}.Debug|Any CPU.ActiveCfg = Debug|Any CPU
		{D9A5C99E-67D1-4BDB-910F-335F01C29583}.Debug|Any CPU.Build.0 = Debug|Any CPU
		{D9A5C99E-67D1-4BDB-910F-335F01C29583}.Release|Any CPU.ActiveCfg = Release|Any CPU
		{D9A5C99E-67D1-4BDB-910F-335F01C29583}.Release|Any CPU.Build.0 = Release|Any CPU
		{6970F316-9A0B-4CCD-880F-313B6BEF6FC7}.Debug|Any CPU.ActiveCfg = Debug|Any CPU
		{6970F316-9A0B-4CCD-880F-313B6BEF6FC7}.Debug|Any CPU.Build.0 = Debug|Any CPU
		{6970F316-9A0B-4CCD-880F-313B6BEF6FC7}.Release|Any CPU.ActiveCfg = Release|Any CPU
		{6970F316-9A0B-4CCD-880F-313B6BEF6FC7}.Release|Any CPU.Build.0 = Release|Any CPU
		{7034A7BF-7CF7-4652-873D-B03C2F70E4C9}.Debug|Any CPU.ActiveCfg = Debug|Any CPU
		{7034A7BF-7CF7-4652-873D-B03C2F70E4C9}.Debug|Any CPU.Build.0 = Debug|Any CPU
		{7034A7BF-7CF7-4652-873D-B03C2F70E4C9}.Release|Any CPU.ActiveCfg = Release|Any CPU
		{7034A7BF-7CF7-4652-873D-B03C2F70E4C9}.Release|Any CPU.Build.0 = Release|Any CPU
		{28E1C5A7-7F17-4485-AF35-00EE3542EF7B}.Debug|Any CPU.ActiveCfg = Debug|Any CPU
		{28E1C5A7-7F17-4485-AF35-00EE3542EF7B}.Debug|Any CPU.Build.0 = Debug|Any CPU
		{28E1C5A7-7F17-4485-AF35-00EE3542EF7B}.Release|Any CPU.ActiveCfg = Release|Any CPU
		{28E1C5A7-7F17-4485-AF35-00EE3542EF7B}.Release|Any CPU.Build.0 = Release|Any CPU
		{FC6376B6-AA13-4D35-943F-CC8042A146F2}.Debug|Any CPU.ActiveCfg = Debug|Any CPU
		{FC6376B6-AA13-4D35-943F-CC8042A146F2}.Debug|Any CPU.Build.0 = Debug|Any CPU
		{FC6376B6-AA13-4D35-943F-CC8042A146F2}.Release|Any CPU.ActiveCfg = Release|Any CPU
		{FC6376B6-AA13-4D35-943F-CC8042A146F2}.Release|Any CPU.Build.0 = Release|Any CPU
		{0FF65364-2B2E-48AC-B2E4-21A437B95985}.Debug|Any CPU.ActiveCfg = Debug|Any CPU
		{0FF65364-2B2E-48AC-B2E4-21A437B95985}.Debug|Any CPU.Build.0 = Debug|Any CPU
		{0FF65364-2B2E-48AC-B2E4-21A437B95985}.Release|Any CPU.ActiveCfg = Release|Any CPU
		{0FF65364-2B2E-48AC-B2E4-21A437B95985}.Release|Any CPU.Build.0 = Release|Any CPU
		{BE0E18A5-B0E6-4226-A6DD-F62D590D1C54}.Debug|Any CPU.ActiveCfg = Debug|Any CPU
		{BE0E18A5-B0E6-4226-A6DD-F62D590D1C54}.Debug|Any CPU.Build.0 = Debug|Any CPU
		{BE0E18A5-B0E6-4226-A6DD-F62D590D1C54}.Release|Any CPU.ActiveCfg = Release|Any CPU
		{BE0E18A5-B0E6-4226-A6DD-F62D590D1C54}.Release|Any CPU.Build.0 = Release|Any CPU
		{A679D79F-E6A2-45A8-8B2E-BDFB1AD34238}.Debug|Any CPU.ActiveCfg = Debug|Any CPU
		{A679D79F-E6A2-45A8-8B2E-BDFB1AD34238}.Debug|Any CPU.Build.0 = Debug|Any CPU
		{A679D79F-E6A2-45A8-8B2E-BDFB1AD34238}.Release|Any CPU.ActiveCfg = Release|Any CPU
		{A679D79F-E6A2-45A8-8B2E-BDFB1AD34238}.Release|Any CPU.Build.0 = Release|Any CPU
		{1B3B0C05-040A-479A-9A63-43E6F05D3E50}.Debug|Any CPU.ActiveCfg = Debug|Any CPU
		{1B3B0C05-040A-479A-9A63-43E6F05D3E50}.Debug|Any CPU.Build.0 = Debug|Any CPU
		{1B3B0C05-040A-479A-9A63-43E6F05D3E50}.Release|Any CPU.ActiveCfg = Release|Any CPU
		{1B3B0C05-040A-479A-9A63-43E6F05D3E50}.Release|Any CPU.Build.0 = Release|Any CPU
		{B00EDF38-4E4E-4804-BE25-0BCD8230E9BD}.Debug|Any CPU.ActiveCfg = Debug|Any CPU
		{B00EDF38-4E4E-4804-BE25-0BCD8230E9BD}.Debug|Any CPU.Build.0 = Debug|Any CPU
		{B00EDF38-4E4E-4804-BE25-0BCD8230E9BD}.Release|Any CPU.ActiveCfg = Release|Any CPU
		{B00EDF38-4E4E-4804-BE25-0BCD8230E9BD}.Release|Any CPU.Build.0 = Release|Any CPU
		{9F3269D8-0336-4740-9C25-9605C5EDF1B3}.Debug|Any CPU.ActiveCfg = Debug|Any CPU
		{9F3269D8-0336-4740-9C25-9605C5EDF1B3}.Debug|Any CPU.Build.0 = Debug|Any CPU
		{9F3269D8-0336-4740-9C25-9605C5EDF1B3}.Release|Any CPU.ActiveCfg = Release|Any CPU
		{9F3269D8-0336-4740-9C25-9605C5EDF1B3}.Release|Any CPU.Build.0 = Release|Any CPU
		{92F1713E-FD5A-430B-9BE0-FF0F707E72CD}.Debug|Any CPU.ActiveCfg = Debug|Any CPU
		{92F1713E-FD5A-430B-9BE0-FF0F707E72CD}.Debug|Any CPU.Build.0 = Debug|Any CPU
		{92F1713E-FD5A-430B-9BE0-FF0F707E72CD}.Release|Any CPU.ActiveCfg = Release|Any CPU
		{92F1713E-FD5A-430B-9BE0-FF0F707E72CD}.Release|Any CPU.Build.0 = Release|Any CPU
		{EF74336B-3429-4B5E-914D-9DD579814035}.Debug|Any CPU.ActiveCfg = Debug|Any CPU
		{EF74336B-3429-4B5E-914D-9DD579814035}.Debug|Any CPU.Build.0 = Debug|Any CPU
		{EF74336B-3429-4B5E-914D-9DD579814035}.Release|Any CPU.ActiveCfg = Release|Any CPU
		{EF74336B-3429-4B5E-914D-9DD579814035}.Release|Any CPU.Build.0 = Release|Any CPU
	EndGlobalSection
	GlobalSection(SolutionProperties) = preSolution
		HideSolutionNode = FALSE
	EndGlobalSection
	GlobalSection(ExtensibilityGlobals) = postSolution
		SolutionGuid = {A3A2472D-564E-474F-A1B4-6D31C20739A9}
	EndGlobalSection
EndGlobal
